
Microsoft Visual Studio Solution File, Format Version 12.00
# Visual Studio Version 16
VisualStudioVersion = 16.0.36631.11
MinimumVisualStudioVersion = 10.0.40219.1
Project("{FAE04EC0-301F-11D3-BF4B-00C04F79EFBC}") = "AI_Power_Agent", "AI_Power_Agent\AI_Power_Agent.csproj", "{11BF8F52-80C0-4414-85AA-376FC38530D8}"
EndProject
Global
	GlobalSection(SolutionConfigurationPlatforms) = preSolution
		Debug|Any CPU = Debug|Any CPU
		Release|Any CPU = Release|Any CPU
	EndGlobalSection
	GlobalSection(ProjectConfigurationPlatforms) = postSolution
		{11BF8F52-80C0-4414-85AA-376FC38530D8}.Debug|Any CPU.ActiveCfg = Debug|Any CPU
		{11BF8F52-80C0-4414-85AA-376FC38530D8}.Debug|Any CPU.Build.0 = Debug|Any CPU
		{11BF8F52-80C0-4414-85AA-376FC38530D8}.Release|Any CPU.ActiveCfg = Release|Any CPU
		{11BF8F52-80C0-4414-85AA-376FC38530D8}.Release|Any CPU.Build.0 = Release|Any CPU
	EndGlobalSection
	GlobalSection(SolutionProperties) = preSolution
		HideSolutionNode = FALSE
	EndGlobalSection
	GlobalSection(ExtensibilityGlobals) = postSolution
		SolutionGuid = {2CFA7635-2EAB-4E0D-AE85-6704AF59B764}
	EndGlobalSection
EndGlobal
